# This file is generated by running "yarn install" inside your project.
# Manual changes might be lost - proceed with caution!

__metadata:
  version: 8
  cacheKey: 10c0

"@discordjs/builders@npm:^1.14.1":
  version: 1.14.1
  resolution: "@discordjs/builders@npm:1.14.1"
  dependencies:
    "@discordjs/formatters": "npm:^0.6.2"
    "@discordjs/util": "npm:^1.2.0"
    "@sapphire/shapeshift": "npm:^4.0.0"
    discord-api-types: "npm:^0.38.40"
    fast-deep-equal: "npm:^3.1.3"
    ts-mixer: "npm:^6.0.4"
    tslib: "npm:^2.6.3"
  checksum: 10c0/bcabcb1877778e189e5844179035996c253c79f866279b811086c218b26615efcbda451e561cd7320567f5311501572f61f7f5704ea39cdd9f9d31fa56909b88
  languageName: node
  linkType: hard

"@discordjs/collection@npm:1.5.3":
  version: 1.5.3
  resolution: "@discordjs/collection@npm:1.5.3"
  checksum: 10c0/54338e005e9a1c6a5c91464cbcc378a5bf74410ad5b8bba1961b80d0ec8f1eb1b768ea737ad03bcb62430ea84aa5561523318b739538b334115ed775630ca42c
  languageName: node
  linkType: hard

"@discordjs/collection@npm:^2.1.0, @discordjs/collection@npm:^2.1.1":
  version: 2.1.1
  resolution: "@discordjs/collection@npm:2.1.1"
  checksum: 10c0/7bbb007271a046c981957b4a0543f6ca7e4c294a2d40987437ff06db5e92dbf35b8dc61719db2a7bc99557a58275742aa34be9f50487870a6e80acfc4fe45fa1
  languageName: node
  linkType: hard

"@discordjs/formatters@npm:^0.6.2":
  version: 0.6.2
  resolution: "@discordjs/formatters@npm:0.6.2"
  dependencies:
    discord-api-types: "npm:^0.38.33"
  checksum: 10c0/42ffa6e1d4f825bfbd023e8a3bad488a0c93db53f2cfdc361aeccb917863b2411a1e2954653710f711e9f4be215d39dfd34f6e5329302ca78c759a8f03690901
  languageName: node
  linkType: hard

"@discordjs/rest@npm:^2.5.1, @discordjs/rest@npm:^2.6.1":
  version: 2.6.1
  resolution: "@discordjs/rest@npm:2.6.1"
  dependencies:
    "@discordjs/collection": "npm:^2.1.1"
    "@discordjs/util": "npm:^1.2.0"
    "@sapphire/async-queue": "npm:^1.5.3"
    "@sapphire/snowflake": "npm:^3.5.5"
    "@vladfrangu/async_event_emitter": "npm:^2.4.6"
    discord-api-types: "npm:^0.38.40"
    magic-bytes.js: "npm:^1.13.0"
    tslib: "npm:^2.6.3"
    undici: "npm:6.24.1"
  checksum: 10c0/65d56b34ea9c8a6604adb64721ca37a580226cd0269b29dff3656078398dff2927b1d8b42a417fba09aaf16d0b099fcc72d6d2bd5de0e3832719dbb1379fed70
  languageName: node
  linkType: hard

"@discordjs/util@npm:^1.1.0, @discordjs/util@npm:^1.2.0":
  version: 1.2.0
  resolution: "@discordjs/util@npm:1.2.0"
  dependencies:
    discord-api-types: "npm:^0.38.33"
  checksum: 10c0/a58ee25a241beeb91a519f116fc89391b3a158a7e75dacdce0ffa915695b321ac2eb6ffe3ce49ce1093b0cbd7243033da86d450b9022c2faac668ca0a4d2efa0
  languageName: node
  linkType: hard

"@discordjs/ws@npm:^1.2.3":
  version: 1.2.3
  resolution: "@discordjs/ws@npm:1.2.3"
  dependencies:
    "@discordjs/collection": "npm:^2.1.0"
    "@discordjs/rest": "npm:^2.5.1"
    "@discordjs/util": "npm:^1.1.0"
    "@sapphire/async-queue": "npm:^1.5.2"
    "@types/ws": "npm:^8.5.10"
    "@vladfrangu/async_event_emitter": "npm:^2.2.4"
    discord-api-types: "npm:^0.38.1"
    tslib: "npm:^2.6.2"
    ws: "npm:^8.17.0"
  checksum: 10c0/3add9b8e24174617149b515ad3a470b64d7286023d96b85c8387b40b3aaf3975f15b121fc1b49841e85b55c519f2b6e9050d1711f34fd65f33652fdde42a4752
  languageName: node
  linkType: hard

"@sapphire/async-queue@npm:^1.5.2, @sapphire/async-queue@npm:^1.5.3":
  version: 1.5.5
  resolution: "@sapphire/async-queue@npm:1.5.5"
  checksum: 10c0/4d61cbd90513e25f60ec611cd6c85b62a85b58c227c14050bcaeb4141a472fddb1da32dea5c4769cd213b97a5b83a076af333cbbe90efb97973d9fce47ef3ef0
  languageName: node
  linkType: hard

"@sapphire/shapeshift@npm:^4.0.0":
  version: 4.0.0
  resolution: "@sapphire/shapeshift@npm:4.0.0"
  dependencies:
    fast-deep-equal: "npm:^3.1.3"
    lodash: "npm:^4.17.21"
  checksum: 10c0/2abbfd20977e800455108688e45fff7b7c6e197256c8f8a54db90025a900914908b5fa4ffcbd1eacb4c692792cbed980613aa878e09f1fd87ab5052b6a6d6bce
  languageName: node
  linkType: hard

"@sapphire/snowflake@npm:3.5.3":
  version: 3.5.3
  resolution: "@sapphire/snowflake@npm:3.5.3"
  checksum: 10c0/361b6a3e16eea4eb48b2608005ce397d4163065ccd84077059a0f609b97fb9cc52a173d7a64bbfce6f5d1e77be0f9704fd72ef64683a3dc7e455e9b4a1c90db1
  languageName: node
  linkType: hard

"@sapphire/snowflake@npm:^3.5.5":
  version: 3.5.5
  resolution: "@sapphire/snowflake@npm:3.5.5"
  checksum: 10c0/ca6be43c4d90e7c5843bb6aaed59df5cae796404b6948a0fd03caa841d1fded20b64ef84a9df93325b1c4a01165956a3a4b4cb5d7387efee1611fa09488c7068
  languageName: node
  linkType: hard

"@types/node@npm:*":
  version: 25.6.0
  resolution: "@types/node@npm:25.6.0"
  dependencies:
    undici-types: "npm:~7.19.0"
  checksum: 10c0/d2d2015630ff098a201407f55f5077a20270ae4f465c739b40865cd9933b91b9c5d2b85568eadaf3db0801b91e267333ca7eb39f007428b173d1cdab4b339ac5
  languageName: node
  linkType: hard

"@types/ws@npm:^8.5.10":
  version: 8.18.1
  resolution: "@types/ws@npm:8.18.1"
  dependencies:
    "@types/node": "npm:*"
  checksum: 10c0/61aff1129143fcc4312f083bc9e9e168aa3026b7dd6e70796276dcfb2c8211c4292603f9c4864fae702f2ed86e4abd4d38aa421831c2fd7f856c931a481afbab
  languageName: node
  linkType: hard

"@vladfrangu/async_event_emitter@npm:^2.2.4, @vladfrangu/async_event_emitter@npm:^2.4.6":
  version: 2.4.7
  resolution: "@vladfrangu/async_event_emitter@npm:2.4.7"
  checksum: 10c0/2007c46b1ca0a51c360a6ca11879cd93c6b61e3227f1c94dfa2d4aba2919a9b778f4c956f778db45a33f9703d519236676ed0cb43b66b8fa477672fd0f5450f4
  languageName: node
  linkType: hard

"basic-ftp@npm:^5.0.5":
  version: 5.3.0
  resolution: "basic-ftp@npm:5.3.0"
  checksum: 10c0/307ebc0635d06e671729d348e45e6eaec5f926713f93de535b268e17ae675942cd6903a84196cece948b54e04b24591431be3df79b2824551a0d5ed150555fb2
  languageName: node
  linkType: hard

"dc-ftp-bot@workspace:.":
  version: 0.0.0-use.local
  resolution: "dc-ftp-bot@workspace:."
  dependencies:
    basic-ftp: "npm:^5.0.5"
    discord.js: "npm:^14.16.3"
    dotenv: "npm:^16.4.5"
  languageName: unknown
  linkType: soft

"discord-api-types@npm:^0.38.1, discord-api-types@npm:^0.38.33, discord-api-types@npm:^0.38.40":
  version: 0.38.47
  resolution: "discord-api-types@npm:0.38.47"
  checksum: 10c0/9f7a64742794cb5cda36874996ffb2f768e30ce4e69aa29b7e65920a262236c552ab23b1a2dfa5c4bca9af7459080790f9b09400a6522a2b391fb4cc84856740
  languageName: node
  linkType: hard

"discord.js@npm:^14.16.3":
  version: 14.26.3
  resolution: "discord.js@npm:14.26.3"
  dependencies:
    "@discordjs/builders": "npm:^1.14.1"
    "@discordjs/collection": "npm:1.5.3"
    "@discordjs/formatters": "npm:^0.6.2"
    "@discordjs/rest": "npm:^2.6.1"
    "@discordjs/util": "npm:^1.2.0"
    "@discordjs/ws": "npm:^1.2.3"
    "@sapphire/snowflake": "npm:3.5.3"
    discord-api-types: "npm:^0.38.40"
    fast-deep-equal: "npm:3.1.3"
    lodash.snakecase: "npm:4.1.1"
    magic-bytes.js: "npm:^1.13.0"
    tslib: "npm:^2.6.3"
    undici: "npm:6.24.1"
  checksum: 10c0/a358e8714bdc6a0d63b0e9246cd934e4ab620987b3e3bb55c1d3bc3ae298d4ec0c16268d380f3084d9338e99df56bce684dd50c22d090693acdcf91fa1b1c370
  languageName: node
  linkType: hard

"dotenv@npm:^16.4.5":
  version: 16.6.1
  resolution: "dotenv@npm:16.6.1"
  checksum: 10c0/15ce56608326ea0d1d9414a5c8ee6dcf0fffc79d2c16422b4ac2268e7e2d76ff5a572d37ffe747c377de12005f14b3cc22361e79fc7f1061cce81f77d2c973dc
  languageName: node
  linkType: hard

"fast-deep-equal@npm:3.1.3, fast-deep-equal@npm:^3.1.3":
  version: 3.1.3
  resolution: "fast-deep-equal@npm:3.1.3"
  checksum: 10c0/40dedc862eb8992c54579c66d914635afbec43350afbbe991235fdcb4e3a8d5af1b23ae7e79bef7d4882d0ecee06c3197488026998fb19f72dc95acff1d1b1d0
  languageName: node
  linkType: hard

"lodash.snakecase@npm:4.1.1":
  version: 4.1.1
  resolution: "lodash.snakecase@npm:4.1.1"
  checksum: 10c0/f0b3f2497eb20eea1a1cfc22d645ecaeb78ac14593eb0a40057977606d2f35f7aaff0913a06553c783b535aafc55b718f523f9eb78f8d5293f492af41002eaf9
  languageName: node
  linkType: hard

"lodash@npm:^4.17.21":
  version: 4.18.1
  resolution: "lodash@npm:4.18.1"
  checksum: 10c0/757228fc68805c59789e82185135cf85f05d0b2d3d54631d680ca79ec21944ec8314d4533639a14b8bcfbd97a517e78960933041a5af17ecb693ec6eecb99a27
  languageName: node
  linkType: hard

"magic-bytes.js@npm:^1.13.0":
  version: 1.13.0
  resolution: "magic-bytes.js@npm:1.13.0"
  checksum: 10c0/0799fa2525b8e62c2d8d833de20e54cd4e4d18d05cf628a23ec8c8ff0bfff938318ccf5129c3673135c1c6237e0bc1d6667dd98c14e4beb0697ab69aa7cfef4b
  languageName: node
  linkType: hard

"ts-mixer@npm:^6.0.4":
  version: 6.0.4
  resolution: "ts-mixer@npm:6.0.4"
  checksum: 10c0/4c442fc99cdffd4a3f0ce55c624fb703f4ded5cab6912f97705489565c4a74d3e4213f10c33499ec5150900a628d38537a9a6a9e35b5045b65129a84b4db21ae
  languageName: node
  linkType: hard

"tslib@npm:^2.6.2, tslib@npm:^2.6.3":
  version: 2.8.1
  resolution: "tslib@npm:2.8.1"
  checksum: 10c0/9c4759110a19c53f992d9aae23aac5ced636e99887b51b9e61def52611732872ff7668757d4e4c61f19691e36f4da981cd9485e869b4a7408d689f6bf1f14e62
  languageName: node
  linkType: hard

"undici-types@npm:~7.19.0":
  version: 7.19.2
  resolution: "undici-types@npm:7.19.2"
  checksum: 10c0/7159f10546f9f6c47d36776bb1bbf8671e87c1e587a6fee84ae1f111ae8de4f914efa8ca0dfcd224f4f4a9dfc3f6028f627ccb5ddaccf82d7fd54671b89fac3e
  languageName: node
  linkType: hard

"undici@npm:6.24.1":
  version: 6.24.1
  resolution: "undici@npm:6.24.1"
  checksum: 10c0/53fdbaa357139a2c12deed34f67d67fc6ad269630ba85a1507e7717f53ad2d3a02c95fbd17d3ab321e34c60b6f0a716cdc2f7e2eca1e07178702dc89cc3a73c4
  languageName: node
  linkType: hard

"ws@npm:^8.17.0":
  version: 8.20.0
  resolution: "ws@npm:8.20.0"
  peerDependencies:
    bufferutil: ^4.0.1
    utf-8-validate: ">=5.0.2"
  peerDependenciesMeta:
    bufferutil:
      optional: true
    utf-8-validate:
      optional: true
  checksum: 10c0/956ac5f11738c914089b65878b9223692ace77337ba55379ae68e1ecbeae9b47a0c6eb9403688f609999a58c80d83d99865fe0029b229d308b08c1ef93d4ea14
  languageName: node
  linkType: hard
